# THIS IS AN AUTOGENERATED FILE. DO NOT EDIT THIS FILE DIRECTLY.
# yarn lockfile v1


agora-rtc-sdk-ng@^4.18.0:
  version "4.18.0"
  resolved "https://registry.yarnpkg.com/agora-rtc-sdk-ng/-/agora-rtc-sdk-ng-4.18.0.tgz#346eba88ff4c1e2d6ed75e4a48964ba436a2f899"
  integrity sha512-BZgAwMgOkPfjIvYNsJl+7/aqFAkdcxvrh2BfDxDdDVm50hF/cQn7jqb34dFQq2jFYuUB+792RXMCLA4zjX6y9g==
  dependencies:
    agora-rte-extension "^1.2.3"

agora-rte-extension@^1.2.3:
  version "1.2.3"
  resolved "https://registry.yarnpkg.com/agora-rte-extension/-/agora-rte-extension-1.2.3.tgz#979b96df0146300296f9f37212ffa67656c698ef"
  integrity sha512-k3yNrYVyzJRoQJjaJUktKUI1XRtf8J1XsW8OzYKFqGlS8WQRMsES1+Phj2rfuEriiLObfuyuCimG6KHQCt5tiw==
